// !$*UTF8*$!
{
	archiveVersion = 1;
	classes = {
	};
	objectVersion = 46;
	objects = {

/* Begin PBXBuildFile section */
		C58C7B211DFA8DA6005D4354 /* AppDelegate.swift in Sources */ = {isa = PBXBuildFile; fileRef = C58C7B201DFA8DA6005D4354 /* AppDelegate.swift */; };
		C58C7B231DFA8DA6005D4354 /* ViewController.swift in Sources */ = {isa = PBXBuildFile; fileRef = C58C7B221DFA8DA6005D4354 /* ViewController.swift */; };
		C58C7B261DFA8DA6005D4354 /* Main.storyboard in Resources */ = {isa = PBXBuildFile; fileRef = C58C7B241DFA8DA6005D4354 /* Main.storyboard */; };
		C58C7B281DFA8DA6005D4354 /* Assets.xcassets in Resources */ = {isa = PBXBuildFile; fileRef = C58C7B271DFA8DA6005D4354 /* Assets.xcassets */; };
		C58C7B2B1DFA8DA6005D4354 /* LaunchScreen.storyboard in Resources */ = {isa = PBXBuildFile; fileRef = C58C7B291DFA8DA6005D4354 /* LaunchScreen.storyboard */; };
		C5ADA2BE1DFAB38200934B25 /* extension+UIAlertController.swift in Sources */ = {isa = PBXBuildFile; fileRef = C5ADA2BD1DFAB38200934B25 /* extension+UIAlertController.swift */; };
/* End PBXBuildFile section */

/* Begin PBXFileReference section */
		C58C7B1D1DFA8DA6005D4354 /* QRCodeReader.app */ = {isa = PBXFileReference; explicitFileType = wrapper.application; includeInIndex = 0; path = QRCodeReader.app; sourceTree = BUILT_PRODUCTS_DIR; };
		C58C7B201DFA8DA6005D4354 /* AppDelegate.swift */ = {isa = PBXFileReference; lastKnownFileType = sourcecode.swift; path = AppDelegate.swift; sourceTree = "<group>"; };
		C58C7B221DFA8DA6005D4354 /* ViewController.swift */ = {isa = PBXFileReference; lastKnownFileType = sourcecode.swift; path = ViewController.swift; sourceTree = "<group>"; };
		C58C7B251DFA8DA6005D4354 /* Base */ = {isa = PBXFileReference; lastKnownFileType = file.storyboard; name = Base; path = Base.lproj/Main.storyboard; sourceTree = "<group>"; };
		C58C7B271DFA8DA6005D4354 /* Assets.xcassets */ = {isa = PBXFileReference; lastKnownFileType = folder.assetcatalog; path = Assets.xcassets; sourceTree = "<group>"; };
		C58C7B2A1DFA8DA6005D4354 /* Base */ = {isa = PBXFileReference; lastKnownFileType = file.storyboard; name = Base; path = Base.lproj/LaunchScreen.storyboard; sourceTree = "<group>"; };
		C58C7B2C1DFA8DA6005D4354 /* Info.plist */ = {isa = PBXFileReference; lastKnownFileType = text.plist.xml; path = Info.plist; sourceTree = "<group>"; };
		C58C7B341DFA92EC005D4354 /* AVFoundation.framework */ = {isa = PBXFileReference; lastKnownFileType = wrapper.framework; name = AVFoundation.framework; path = System/Library/Frameworks/AVFoundation.framework; sourceTree = SDKROOT; };
		C5ADA2BD1DFAB38200934B25 /* extension+UIAlertController.swift */ = {isa = PBXFileReference; fileEncoding = 4; lastKnownFileType = sourcecode.swift; path = "extension+UIAlertController.swift"; sourceTree = "<group>"; };
/* End PBXFileReference section */

/* Begin PBXFrameworksBuildPhase section */
		C58C7B1A1DFA8DA6005D4354 /* Frameworks */ = {
			isa = PBXFrameworksBuildPhase;
			buildActionMask = 2147483647;
			files = (
			);
			runOnlyForDeploymentPostprocessing = 0;
		};
/* End PBXFrameworksBuildPhase section */

/* Begin PBXGroup section */
		43F4A064E8D19909B137DF2A /* Frameworks */ = {
			isa = PBXGroup;
			children = (
				C58C7B341DFA92EC005D4354 /* AVFoundation.framework */,
			);
			name = Frameworks;
			sourceTree = "<group>";
		};
		C58C7B141DFA8DA6005D4354 = {
			isa = PBXGroup;
			children = (
				C58C7B1F1DFA8DA6005D4354 /* QRCodeReader */,
				C58C7B1E1DFA8DA6005D4354 /* Products */,
				43F4A064E8D19909B137DF2A /* Frameworks */,
			);
			sourceTree = "<group>";
		};
		C58C7B1E1DFA8DA6005D4354 /* Products */ = {
			isa = PBXGroup;
			children = (
				C58C7B1D1DFA8DA6005D4354 /* QRCodeReader.app */,
			);
			name = Products;
			sourceTree = "<group>";
		};
		C58C7B1F1DFA8DA6005D4354 /* QRCodeReader */ = {
			isa = PBXGroup;
			children = (
				C58C7B201DFA8DA6005D4354 /* AppDelegate.swift */,
				C5ADA2BD1DFAB38200934B25 /* extension+UIAlertController.swift */,
				C58C7B221DFA8DA6005D4354 /* ViewController.swift */,
				C58C7B241DFA8DA6005D4354 /* Main.storyboard */,
				C58C7B271DFA8DA6005D4354 /* Assets.xcassets */,
				C58C7B291DFA8DA6005D4354 /* LaunchScreen.storyboard */,
				C58C7B2C1DFA8DA6005D4354 /* Info.plist */,
			);
			path = QRCodeReader;
			sourceTree = "<group>";
		};
/* End PBXGroup section */

/* Begin PBXNativeTarget section */
		C58C7B1C1DFA8DA6005D4354 /* QRCodeReader */ = {
			isa = PBXNativeTarget;
			buildConfigurationList = C58C7B2F1DFA8DA6005D4354 /* Build configuration list for PBXNativeTarget "QRCodeReader" */;
			buildPhases = (
				C58C7B191DFA8DA6005D4354 /* Sources */,
				C58C7B1A1DFA8DA6005D4354 /* Frameworks */,
				C58C7B1B1DFA8DA6005D4354 /* Resources */,
			);
			buildRules = (
			);
			dependencies = (
			);
			name = QRCodeReader;
			productName = QRCodeReader;
			productReference = C58C7B1D1DFA8DA6005D4354 /* QRCodeReader.app */;
			productType = "com.apple.product-type.application";
		};
/* End PBXNativeTarget section */

/* Begin PBXProject section */
		C58C7B151DFA8DA6005D4354 /* Project object */ = {
			isa = PBXProject;
			attributes = {
				LastSwiftUpdateCheck = 0810;
				LastUpgradeCheck = 0810;
				ORGANIZATIONNAME = plantio;
				TargetAttributes = {
					C58C7B1C1DFA8DA6005D4354 = {
						CreatedOnToolsVersion = 8.1;
						DevelopmentTeam = 555AYYM2W4;
						ProvisioningStyle = Automatic;
					};
				};
			};
			buildConfigurationList = C58C7B181DFA8DA6005D4354 /* Build configuration list for PBXProject "QRCodeReader" */;
			compatibilityVersion = "Xcode 3.2";
			developmentRegion = English;
			hasScannedForEncodings = 0;
			knownRegions = (
				en,
				Base,
			);
			mainGroup = C58C7B141DFA8DA6005D4354;
			productRefGroup = C58C7B1E1DFA8DA6005D4354 /* Products */;
			projectDirPath = "";
			projectRoot = "";
			targets = (
				C58C7B1C1DFA8DA6005D4354 /* QRCodeReader */,
			);
		};
/* End PBXProject section */

/* Begin PBXResourcesBuildPhase section */
		C58C7B1B1DFA8DA6005D4354 /* Resources */ = {
			isa = PBXResourcesBuildPhase;
			buildActionMask = 2147483647;
			files = (
				C58C7B2B1DFA8DA6005D4354 /* LaunchScreen.storyboard in Resources */,
				C58C7B281DFA8DA6005D4354 /* Assets.xcassets in Resources */,
				C58C7B261DFA8DA6005D4354 /* Main.storyboard in Resources */,
			);
			runOnlyForDeploymentPostprocessing = 0;
		};
/* End PBXResourcesBuildPhase section */

/* Begin PBXSourcesBuildPhase section */
		C58C7B191DFA8DA6005D4354 /* Sources */ = {
			isa = PBXSourcesBuildPhase;
			buildActionMask = 2147483647;
			files = (
				C58C7B231DFA8DA6005D4354 /* ViewController.swift in Sources */,
				C58C7B211DFA8DA6005D4354 /* AppDelegate.swift in Sources */,
				C5ADA2BE1DFAB38200934B25 /* extension+UIAlertController.swift in Sources */,
			);
			runOnlyForDeploymentPostprocessing = 0;
		};
/* End PBXSourcesBuildPhase section */

/* Begin PBXVariantGroup section */
		C58C7B241DFA8DA6005D4354 /* Main.storyboard */ = {
			isa = PBXVariantGroup;
			children = (
				C58C7B251DFA8DA6005D4354 /* Base */,
			);
			name = Main.storyboard;
			sourceTree = "<group>";
		};
		C58C7B291DFA8DA6005D4354 /* LaunchScreen.storyboard */ = {
			isa = PBXVariantGroup;
			children = (
				C58C7B2A1DFA8DA6005D4354 /* Base */,
			);
			name = LaunchScreen.storyboard;
			sourceTree = "<group>";
		};
/* End PBXVariantGroup section */

/* Begin XCBuildConfiguration section */
		C58C7B2D1DFA8DA6005D4354 /* Debug */ = {
			isa = XCBuildConfiguration;
			buildSettings = {
				ALWAYS_SEARCH_USER_PATHS = NO;
				CLANG_ANALYZER_NONNULL = YES;
				CLANG_CXX_LANGUAGE_STANDARD = "gnu++0x";
				CLANG_CXX_LIBRARY = "libc++";
				CLANG_ENABLE_MODULES = YES;
				CLANG_ENABLE_OBJC_ARC = YES;
				CLANG_WARN_BOOL_CONVERSION = YES;
				CLANG_WARN_CONSTANT_CONVERSION = YES;
				CLANG_WARN_DIRECT_OBJC_ISA_USAGE = YES_ERROR;
				CLANG_WARN_DOCUMENTATION_COMMENTS = YES;
				CLANG_WARN_EMPTY_BODY = YES;
				CLANG_WARN_ENUM_CONVERSION = YES;
				CLANG_WARN_INFINITE_RECURSION = YES;
				CLANG_WARN_INT_CONVERSION = YES;
				CLANG_WARN_OBJC_ROOT_CLASS = YES_ERROR;
				CLANG_WARN_SUSPICIOUS_MOVES = YES;
				CLANG_WARN_UNREACHABLE_CODE = YES;
				CLANG_WARN__DUPLICATE_METHOD_MATCH = YES;
				"CODE_SIGN_IDENTITY[sdk=iphoneos*]" = "iPhone Developer";
				COPY_PHASE_STRIP = NO;
				DEBUG_INFORMATION_FORMAT = dwarf;
				ENABLE_STRICT_OBJC_MSGSEND = YES;
				ENABLE_TESTABILITY = YES;
				GCC_C_LANGUAGE_STANDARD = gnu99;
				GCC_DYNAMIC_NO_PIC = NO;
				GCC_NO_COMMON_BLOCKS = YES;
				GCC_OPTIMIZATION_LEVEL = 0;
				GCC_PREPROCESSOR_DEFINITIONS = (
					"DEBUG=1",
					"$(inherited)",
				);
				GCC_WARN_64_TO_32_BIT_CONVERSION = YES;
				GCC_WARN_ABOUT_RETURN_TYPE = YES_ERROR;
				GCC_WARN_UNDECLARED_SELECTOR = YES;
				GCC_WARN_UNINITIALIZED_AUTOS = YES_AGGRESSIVE;
				GCC_WARN_UNUSED_FUNCTION = YES;
				GCC_WARN_UNUSED_VARIABLE = YES;
				IPHONEOS_DEPLOYMENT_TARGET = 10.1;
				MTL_ENABLE_DEBUG_INFO = YES;
				ONLY_ACTIVE_ARCH = YES;
				SDKROOT = iphoneos;
				SWIFT_ACTIVE_COMPILATION_CONDITIONS = DEBUG;
				SWIFT_OPTIMIZATION_LEVEL = "-Onone";
				TARGETED_DEVICE_FAMILY = "1,2";
			};
			name = Debug;
		};
		C58C7B2E1DFA8DA6005D4354 /* Release */ = {
			isa = XCBuildConfiguration;
			buildSettings = {
				ALWAYS_SEARCH_USER_PATHS = NO;
				CLANG_ANALYZER_NONNULL = YES;
				CLANG_CXX_LANGUAGE_STANDARD = "gnu++0x";
				CLANG_CXX_LIBRARY = "libc++";
				CLANG_ENABLE_MODULES = YES;
				CLANG_ENABLE_OBJC_ARC = YES;
				CLANG_WARN_BOOL_CONVERSION = YES;
				CLANG_WARN_CONSTANT_CONVERSION = YES;
				CLANG_WARN_DIRECT_OBJC_ISA_USAGE = YES_ERROR;
				CLANG_WARN_DOCUMENTATION_COMMENTS = YES;
				CLANG_WARN_EMPTY_BODY = YES;
				CLANG_WARN_ENUM_CONVERSION = YES;
				CLANG_WARN_INFINITE_RECURSION = YES;
				CLANG_WARN_INT_CONVERSION = YES;
				CLANG_WARN_OBJC_ROOT_CLASS = YES_ERROR;
				CLANG_WARN_SUSPICIOUS_MOVES = YES;
				CLANG_WARN_UNREACHABLE_CODE = YES;
				CLANG_WARN__DUPLICATE_METHOD_MATCH = YES;
				"CODE_SIGN_IDENTITY[sdk=iphoneos*]" = "iPhone Developer";
				COPY_PHASE_STRIP = NO;
				DEBUG_INFORMATION_FORMAT = "dwarf-with-dsym";
				ENABLE_NS_ASSERTIONS = NO;
				ENABLE_STRICT_OBJC_MSGSEND = YES;
				GCC_C_LANGUAGE_STANDARD = gnu99;
				GCC_NO_COMMON_BLOCKS = YES;
				GCC_WARN_64_TO_32_BIT_CONVERSION = YES;
				GCC_WARN_ABOUT_RETURN_TYPE = YES_ERROR;
				GCC_WARN_UNDECLARED_SELECTOR = YES;
				GCC_WARN_UNINITIALIZED_AUTOS = YES_AGGRESSIVE;
				GCC_WARN_UNUSED_FUNCTION = YES;
				GCC_WARN_UNUSED_VARIABLE = YES;
				IPHONEOS_DEPLOYMENT_TARGET = 10.1;
				MTL_ENABLE_DEBUG_INFO = NO;
				SDKROOT = iphoneos;
				SWIFT_OPTIMIZATION_LEVEL = "-Owholemodule";
				TARGETED_DEVICE_FAMILY = "1,2";
				VALIDATE_PRODUCT = YES;
			};
			name = Release;
		};
		C58C7B301DFA8DA6005D4354 /* Debug */ = {
			isa = XCBuildConfiguration;
			buildSettings = {
				ASSETCATALOG_COMPILER_APPICON_NAME = AppIcon;
				DEVELOPMENT_TEAM = 555AYYM2W4;
				INFOPLIST_FILE = QRCodeReader/Info.plist;
				LD_RUNPATH_SEARCH_PATHS = "$(inherited) @executable_path/Frameworks";
				PRODUCT_BUNDLE_IDENTIFIER = plantio.QRCodeReader;
				PRODUCT_NAME = "$(TARGET_NAME)";
				SWIFT_VERSION = 3.0;
			};
			name = Debug;
		};
		C58C7B311DFA8DA6005D4354 /* Release */ = {
			isa = XCBuildConfiguration;
			buildSettings = {
				ASSETCATALOG_COMPILER_APPICON_NAME = AppIcon;
				DEVELOPMENT_TEAM = 555AYYM2W4;
				INFOPLIST_FILE = QRCodeReader/Info.plist;
				LD_RUNPATH_SEARCH_PATHS = "$(inherited) @executable_path/Frameworks";
				PRODUCT_BUNDLE_IDENTIFIER = plantio.QRCodeReader;
				PRODUCT_NAME = "$(TARGET_NAME)";
				SWIFT_VERSION = 3.0;
			};
			name = Release;
		};
/* End XCBuildConfiguration section */

/* Begin XCConfigurationList section */
		C58C7B181DFA8DA6005D4354 /* Build configuration list for PBXProject "QRCodeReader" */ = {
			isa = XCConfigurationList;
			buildConfigurations = (
				C58C7B2D1DFA8DA6005D4354 /* Debug */,
				C58C7B2E1DFA8DA6005D4354 /* Release */,
			);
			defaultConfigurationIsVisible = 0;
			defaultConfigurationName = Release;
		};
		C58C7B2F1DFA8DA6005D4354 /* Build configuration list for PBXNativeTarget "QRCodeReader" */ = {
			isa = XCConfigurationList;
			buildConfigurations = (
				C58C7B301DFA8DA6005D4354 /* Debug */,
				C58C7B311DFA8DA6005D4354 /* Release */,
			);
			defaultConfigurationIsVisible = 0;
			defaultConfigurationName = Release;
		};
/* End XCConfigurationList section */
	};
	rootObject = C58C7B151DFA8DA6005D4354 /* Project object */;
}
